github.com/gomvs/d v1.1.0 h1:t0L9Orwu0R2HXhSyMslARd/Co8Sp//k6dx/LFfUwGx4=
github.com/gomvs/d v1.1.0/go.mod h1:0KRodGcSqZn2LgGttW4dvW3z8uF3qUqRO3JMCqChnZo=
github.com/gomvs/e v1.1.0 h1:MXZrLo+YoFRSnyJvSpEy8luTFqWunnwDQLWKW/Qpl74=
github.com/gomvs/e v1.1.0/go.mod h1:16yvEsYPRgns7cpdfRc084oi+gUN4IwtGzAhBPDo++w=
